
Microsoft Visual Studio Solution File, Format Version 12.00
# Visual Studio Version 17
VisualStudioVersion = 17.14.36109.1 d17.14
MinimumVisualStudioVersion = 10.0.40219.1
Project("{FAE04EC0-301F-11D3-BF4B-00C04F79EFBC}") = "ImageParticleSimulatorWPF", "ImageParticleSimulatorWPF\ImageParticleSimulatorWPF.csproj", "{A3D3F1BF-C25B-4D8B-B267-92B49297CF66}"
EndProject
Global
	GlobalSection(SolutionConfigurationPlatforms) = preSolution
		Debug|Any CPU = Debug|Any CPU
		Release|Any CPU = Release|Any CPU
	EndGlobalSection
	GlobalSection(ProjectConfigurationPlatforms) = postSolution
		{A3D3F1BF-C25B-4D8B-B267-92B49297CF66}.Debug|Any CPU.ActiveCfg = Debug|Any CPU
		{A3D3F1BF-C25B-4D8B-B267-92B49297CF66}.Debug|Any CPU.Build.0 = Debug|Any CPU
		{A3D3F1BF-C25B-4D8B-B267-92B49297CF66}.Release|Any CPU.ActiveCfg = Release|Any CPU
		{A3D3F1BF-C25B-4D8B-B267-92B49297CF66}.Release|Any CPU.Build.0 = Release|Any CPU
	EndGlobalSection
	GlobalSection(SolutionProperties) = preSolution
		HideSolutionNode = FALSE
	EndGlobalSection
	GlobalSection(ExtensibilityGlobals) = postSolution
		SolutionGuid = {D0F2AF33-1BE0-4204-88C6-7828085696C7}
	EndGlobalSection
EndGlobal
